dependencies:
- name: keycloak
  repository: file://./keycloak
  version: 0.1.0
- name: kafka
  repository: file://./kafka
  version: 0.1.0
- name: schema-registry
  repository: file://./schema-registry
  version: 0.1.0
- name: kafka-ui
  repository: file://./kafka-ui
  version: 0.1.0
digest: sha256:68c48c40568857d545f10094c631411a2747a304c8df8292e0e2f5a69f0f5d07
generated: "2025-07-12T14:18:06.6050551+03:00"
